lockfileVersion: '6.0'

settings:
  autoInstallPeers: true
  excludeLinksFromLockfile: false

dependencies:
  csv-parse:
    specifier: ^5.4.0
    version: 5.4.0

devDependencies:
  '@figma/plugin-typings':
    specifier: ^1.70.0
    version: 1.70.0
  typescript:
    specifier: '*'
    version: 5.0.2

packages:

  /@figma/plugin-typings@1.70.0:
    resolution: {integrity: sha512-dN/ehVt40WDSjuf6+vICw1Btq8yKNvKSo5xl1qk8jfRaOdaN88QOYgODEVUGp9gSzlyUEhUKng0YMKg/doBpEg==}
    dev: true

  /csv-parse@5.4.0:
    resolution: {integrity: sha512-JiQosUWiOFgp4hQn0an+SBoV9IKdqzhROM0iiN4LB7UpfJBlsSJlWl9nq4zGgxgMAzHJ6V4t29VAVD+3+2NJAg==}
    dev: false

  /typescript@5.0.2:
    resolution: {integrity: sha512-wVORMBGO/FAs/++blGNeAVdbNKtIh1rbBL2EyQ1+J9lClJ93KiiKe8PmFIVdXhHcyv44SL9oglmfeSsndo0jRw==}
    engines: {node: '>=12.20'}
    hasBin: true
    dev: true
